<?xml version="1.0" encoding="utf-8"?>
<Project ToolsVersion="16.0" xmlns="http://schemas.microsoft.com/developer/msbuild/2003">
  <ItemGroup>
    <Filter Include="Source Files">
      <UniqueIdentifier>{B1F27843-FECA-1BAD-92E7-E0F10000002E}</UniqueIdentifier>
      <Extensions>cpp;cxx;cc;c;C</Extensions>
    </Filter>
    <Filter Include="Header Files">
      <UniqueIdentifier>{06319535-FECA-1BAD-92E7-E0F10000002E}</UniqueIdentifier>
      <Extensions>h;hpp;hxx;hh</Extensions>
    </Filter>
    <Filter Include="Build Files">
      <UniqueIdentifier>{A1909F1C-FECA-1BAD-92E7-E0F10000002E}</UniqueIdentifier>
      <Extensions>mpc;mpb;mwc</Extensions>
    </Filter>
  </ItemGroup>
  <ItemGroup>
    <ClCompile Include="logger.cxx">
      <Filter>Source Files</Filter>
    </ClCompile>
    <ClCompile Include="main.cxx">
      <Filter>Source Files</Filter>
    </ClCompile>
  </ItemGroup>
  <ItemGroup>
    <ClInclude Include="logger.hxx">
      <Filter>Header Files</Filter>
    </ClInclude>
  </ItemGroup>
  <ItemGroup>
    <None Include="All.mwc">
      <Filter>Build Files</Filter>
    </None>
    <None Include="log_base.mpb">
      <Filter>Build Files</Filter>
    </None>
    <None Include="log_boost.mpb">
      <Filter>Build Files</Filter>
    </None>
    <None Include="log_boost_base.mpb">
      <Filter>Build Files</Filter>
    </None>
    <None Include="log_exe.mpc">
      <Filter>Build Files</Filter>
    </None>
  </ItemGroup>
</Project>
